
Microsoft Visual Studio Solution File, Format Version 12.00
Project("{FAE04EC0-301F-11D3-BF4B-00C04F79EFBC}") = "FileClassifier.CLI", "FileClassifier.CLI\FileClassifier.CLI.csproj", "{94E3C0E9-E55E-474A-8671-660B97CF8D89}"
EndProject
Project("{FAE04EC0-301F-11D3-BF4B-00C04F79EFBC}") = "Model", "Model\Model.csproj", "{7F55698C-A082-4B12-82CA-E4E192E2EF61}"
EndProject
Project("{FAE04EC0-301F-11D3-BF4B-00C04F79EFBC}") = "Service", "Service\Service.csproj", "{FF9255B6-966E-46FA-A1EA-4C94EB45FC26}"
EndProject
Global
	GlobalSection(SolutionConfigurationPlatforms) = preSolution
		Debug|Any CPU = Debug|Any CPU
		Release|Any CPU = Release|Any CPU
	EndGlobalSection
	GlobalSection(ProjectConfigurationPlatforms) = postSolution
		{94E3C0E9-E55E-474A-8671-660B97CF8D89}.Debug|Any CPU.ActiveCfg = Debug|Any CPU
		{94E3C0E9-E55E-474A-8671-660B97CF8D89}.Debug|Any CPU.Build.0 = Debug|Any CPU
		{94E3C0E9-E55E-474A-8671-660B97CF8D89}.Release|Any CPU.ActiveCfg = Release|Any CPU
		{94E3C0E9-E55E-474A-8671-660B97CF8D89}.Release|Any CPU.Build.0 = Release|Any CPU
		{7F55698C-A082-4B12-82CA-E4E192E2EF61}.Debug|Any CPU.ActiveCfg = Debug|Any CPU
		{7F55698C-A082-4B12-82CA-E4E192E2EF61}.Debug|Any CPU.Build.0 = Debug|Any CPU
		{7F55698C-A082-4B12-82CA-E4E192E2EF61}.Release|Any CPU.ActiveCfg = Release|Any CPU
		{7F55698C-A082-4B12-82CA-E4E192E2EF61}.Release|Any CPU.Build.0 = Release|Any CPU
		{FF9255B6-966E-46FA-A1EA-4C94EB45FC26}.Debug|Any CPU.ActiveCfg = Debug|Any CPU
		{FF9255B6-966E-46FA-A1EA-4C94EB45FC26}.Debug|Any CPU.Build.0 = Debug|Any CPU
		{FF9255B6-966E-46FA-A1EA-4C94EB45FC26}.Release|Any CPU.ActiveCfg = Release|Any CPU
		{FF9255B6-966E-46FA-A1EA-4C94EB45FC26}.Release|Any CPU.Build.0 = Release|Any CPU
	EndGlobalSection
EndGlobal
